
Microsoft Visual Studio Solution File, Format Version 12.00
# Visual Studio Version 17
VisualStudioVersion = 17.12.35521.163
MinimumVisualStudioVersion = 10.0.40219.1
Project("{FAE04EC0-301F-11D3-BF4B-00C04F79EFBC}") = "Prueba-Tecnica-Kaprielian", "Prueba-Tecnica-Kaprielian.csproj", "{DA1766F0-D1E7-441D-8F2A-8D968B0B81FB}"
EndProject
Project("{FAE04EC0-301F-11D3-BF4B-00C04F79EFBC}") = "Infraestructura", "..\Infraestructura\Infraestructura.csproj", "{6803F971-47BA-4728-95C2-A4799D751D65}"
EndProject
Project("{FAE04EC0-301F-11D3-BF4B-00C04F79EFBC}") = "Logica", "..\Logica\Logica.csproj", "{47C02079-EEC1-4B34-817A-E0C8BD99A6C9}"
EndProject
Project("{FAE04EC0-301F-11D3-BF4B-00C04F79EFBC}") = "ObjectApiXUnitTest", "..\ObjectApiXUnitTest\ObjectApiXUnitTest.csproj", "{0C9421F1-93F1-42BB-93E9-AA9BB3A7FDAB}"
EndProject
Project("{FAE04EC0-301F-11D3-BF4B-00C04F79EFBC}") = "Dominio", "..\Dominio\Dominio.csproj", "{35A52501-2848-4D20-9A2F-C19ADBAE7555}"
EndProject
Global
	GlobalSection(SolutionConfigurationPlatforms) = preSolution
		Debug|Any CPU = Debug|Any CPU
		Release|Any CPU = Release|Any CPU
	EndGlobalSection
	GlobalSection(ProjectConfigurationPlatforms) = postSolution
		{DA1766F0-D1E7-441D-8F2A-8D968B0B81FB}.Debug|Any CPU.ActiveCfg = Debug|Any CPU
		{DA1766F0-D1E7-441D-8F2A-8D968B0B81FB}.Debug|Any CPU.Build.0 = Debug|Any CPU
		{DA1766F0-D1E7-441D-8F2A-8D968B0B81FB}.Release|Any CPU.ActiveCfg = Release|Any CPU
		{DA1766F0-D1E7-441D-8F2A-8D968B0B81FB}.Release|Any CPU.Build.0 = Release|Any CPU
		{6803F971-47BA-4728-95C2-A4799D751D65}.Debug|Any CPU.ActiveCfg = Debug|Any CPU
		{6803F971-47BA-4728-95C2-A4799D751D65}.Debug|Any CPU.Build.0 = Debug|Any CPU
		{6803F971-47BA-4728-95C2-A4799D751D65}.Release|Any CPU.ActiveCfg = Release|Any CPU
		{6803F971-47BA-4728-95C2-A4799D751D65}.Release|Any CPU.Build.0 = Release|Any CPU
		{47C02079-EEC1-4B34-817A-E0C8BD99A6C9}.Debug|Any CPU.ActiveCfg = Debug|Any CPU
		{47C02079-EEC1-4B34-817A-E0C8BD99A6C9}.Debug|Any CPU.Build.0 = Debug|Any CPU
		{47C02079-EEC1-4B34-817A-E0C8BD99A6C9}.Release|Any CPU.ActiveCfg = Release|Any CPU
		{47C02079-EEC1-4B34-817A-E0C8BD99A6C9}.Release|Any CPU.Build.0 = Release|Any CPU
		{0C9421F1-93F1-42BB-93E9-AA9BB3A7FDAB}.Debug|Any CPU.ActiveCfg = Debug|Any CPU
		{0C9421F1-93F1-42BB-93E9-AA9BB3A7FDAB}.Debug|Any CPU.Build.0 = Debug|Any CPU
		{0C9421F1-93F1-42BB-93E9-AA9BB3A7FDAB}.Release|Any CPU.ActiveCfg = Release|Any CPU
		{0C9421F1-93F1-42BB-93E9-AA9BB3A7FDAB}.Release|Any CPU.Build.0 = Release|Any CPU
		{35A52501-2848-4D20-9A2F-C19ADBAE7555}.Debug|Any CPU.ActiveCfg = Debug|Any CPU
		{35A52501-2848-4D20-9A2F-C19ADBAE7555}.Debug|Any CPU.Build.0 = Debug|Any CPU
		{35A52501-2848-4D20-9A2F-C19ADBAE7555}.Release|Any CPU.ActiveCfg = Release|Any CPU
		{35A52501-2848-4D20-9A2F-C19ADBAE7555}.Release|Any CPU.Build.0 = Release|Any CPU
	EndGlobalSection
	GlobalSection(SolutionProperties) = preSolution
		HideSolutionNode = FALSE
	EndGlobalSection
EndGlobal
